// !$*UTF8*$!
{
	archiveVersion = 1;
	classes = {
	};
	objectVersion = 48;
	objects = {

/* Begin PBXBuildFile section */
		7D9901BD2009D0C3007B4724 /* AppDelegate.swift in Sources */ = {isa = PBXBuildFile; fileRef = 7D9901BC2009D0C3007B4724 /* AppDelegate.swift */; };
		7D9901BF2009D0C3007B4724 /* art.scnassets in Resources */ = {isa = PBXBuildFile; fileRef = 7D9901BE2009D0C3007B4724 /* art.scnassets */; };
		7D9901C12009D0C3007B4724 /* ViewController.swift in Sources */ = {isa = PBXBuildFile; fileRef = 7D9901C02009D0C3007B4724 /* ViewController.swift */; };
		7D9901C42009D0C3007B4724 /* Main.storyboard in Resources */ = {isa = PBXBuildFile; fileRef = 7D9901C22009D0C3007B4724 /* Main.storyboard */; };
		7D9901C62009D0C3007B4724 /* Assets.xcassets in Resources */ = {isa = PBXBuildFile; fileRef = 7D9901C52009D0C3007B4724 /* Assets.xcassets */; };
		7D9901C92009D0C3007B4724 /* LaunchScreen.storyboard in Resources */ = {isa = PBXBuildFile; fileRef = 7D9901C72009D0C3007B4724 /* LaunchScreen.storyboard */; };
		7D9901D42009D0C3007B4724 /* ARkitdemoTests.swift in Sources */ = {isa = PBXBuildFile; fileRef = 7D9901D32009D0C3007B4724 /* ARkitdemoTests.swift */; };
		7D9901DF2009D0C3007B4724 /* ARkitdemoUITests.swift in Sources */ = {isa = PBXBuildFile; fileRef = 7D9901DE2009D0C3007B4724 /* ARkitdemoUITests.swift */; };
/* End PBXBuildFile section */

/* Begin PBXContainerItemProxy section */
		7D9901D02009D0C3007B4724 /* PBXContainerItemProxy */ = {
			isa = PBXContainerItemProxy;
			containerPortal = 7D9901B12009D0C3007B4724 /* Project object */;
			proxyType = 1;
			remoteGlobalIDString = 7D9901B82009D0C3007B4724;
			remoteInfo = ARkitdemo;
		};
		7D9901DB2009D0C3007B4724 /* PBXContainerItemProxy */ = {
			isa = PBXContainerItemProxy;
			containerPortal = 7D9901B12009D0C3007B4724 /* Project object */;
			proxyType = 1;
			remoteGlobalIDString = 7D9901B82009D0C3007B4724;
			remoteInfo = ARkitdemo;
		};
/* End PBXContainerItemProxy section */

/* Begin PBXFileReference section */
		7D9901B92009D0C3007B4724 /* ARkitdemo.app */ = {isa = PBXFileReference; explicitFileType = wrapper.application; includeInIndex = 0; path = ARkitdemo.app; sourceTree = BUILT_PRODUCTS_DIR; };
		7D9901BC2009D0C3007B4724 /* AppDelegate.swift */ = {isa = PBXFileReference; lastKnownFileType = sourcecode.swift; path = AppDelegate.swift; sourceTree = "<group>"; };
		7D9901BE2009D0C3007B4724 /* art.scnassets */ = {isa = PBXFileReference; lastKnownFileType = wrapper.scnassets; path = art.scnassets; sourceTree = "<group>"; };
		7D9901C02009D0C3007B4724 /* ViewController.swift */ = {isa = PBXFileReference; lastKnownFileType = sourcecode.swift; path = ViewController.swift; sourceTree = "<group>"; };
		7D9901C32009D0C3007B4724 /* Base */ = {isa = PBXFileReference; lastKnownFileType = file.storyboard; name = Base; path = Base.lproj/Main.storyboard; sourceTree = "<group>"; };
		7D9901C52009D0C3007B4724 /* Assets.xcassets */ = {isa = PBXFileReference; lastKnownFileType = folder.assetcatalog; path = Assets.xcassets; sourceTree = "<group>"; };
		7D9901C82009D0C3007B4724 /* Base */ = {isa = PBXFileReference; lastKnownFileType = file.storyboard; name = Base; path = Base.lproj/LaunchScreen.storyboard; sourceTree = "<group>"; };
		7D9901CA2009D0C3007B4724 /* Info.plist */ = {isa = PBXFileReference; lastKnownFileType = text.plist.xml; path = Info.plist; sourceTree = "<group>"; };
		7D9901CF2009D0C3007B4724 /* ARkitdemoTests.xctest */ = {isa = PBXFileReference; explicitFileType = wrapper.cfbundle; includeInIndex = 0; path = ARkitdemoTests.xctest; sourceTree = BUILT_PRODUCTS_DIR; };
		7D9901D32009D0C3007B4724 /* ARkitdemoTests.swift */ = {isa = PBXFileReference; lastKnownFileType = sourcecode.swift; path = ARkitdemoTests.swift; sourceTree = "<group>"; };
		7D9901D52009D0C3007B4724 /* Info.plist */ = {isa = PBXFileReference; lastKnownFileType = text.plist.xml; path = Info.plist; sourceTree = "<group>"; };
		7D9901DA2009D0C3007B4724 /* ARkitdemoUITests.xctest */ = {isa = PBXFileReference; explicitFileType = wrapper.cfbundle; includeInIndex = 0; path = ARkitdemoUITests.xctest; sourceTree = BUILT_PRODUCTS_DIR; };
		7D9901DE2009D0C3007B4724 /* ARkitdemoUITests.swift */ = {isa = PBXFileReference; lastKnownFileType = sourcecode.swift; path = ARkitdemoUITests.swift; sourceTree = "<group>"; };
		7D9901E02009D0C3007B4724 /* Info.plist */ = {isa = PBXFileReference; lastKnownFileType = text.plist.xml; path = Info.plist; sourceTree = "<group>"; };
/* End PBXFileReference section */

/* Begin PBXFrameworksBuildPhase section */
		7D9901B62009D0C3007B4724 /* Frameworks */ = {
			isa = PBXFrameworksBuildPhase;
			buildActionMask = 2147483647;
			files = (
			);
			runOnlyForDeploymentPostprocessing = 0;
		};
		7D9901CC2009D0C3007B4724 /* Frameworks */ = {
			isa = PBXFrameworksBuildPhase;
			buildActionMask = 2147483647;
			files = (
			);
			runOnlyForDeploymentPostprocessing = 0;
		};
		7D9901D72009D0C3007B4724 /* Frameworks */ = {
			isa = PBXFrameworksBuildPhase;
			buildActionMask = 2147483647;
			files = (
			);
			runOnlyForDeploymentPostprocessing = 0;
		};
/* End PBXFrameworksBuildPhase section */

/* Begin PBXGroup section */
		7D9901B02009D0C3007B4724 = {
			isa = PBXGroup;
			children = (
				7D9901BB2009D0C3007B4724 /* ARkitdemo */,
				7D9901D22009D0C3007B4724 /* ARkitdemoTests */,
				7D9901DD2009D0C3007B4724 /* ARkitdemoUITests */,
				7D9901BA2009D0C3007B4724 /* Products */,
			);
			sourceTree = "<group>";
		};
		7D9901BA2009D0C3007B4724 /* Products */ = {
			isa = PBXGroup;
			children = (
				7D9901B92009D0C3007B4724 /* ARkitdemo.app */,
				7D9901CF2009D0C3007B4724 /* ARkitdemoTests.xctest */,
				7D9901DA2009D0C3007B4724 /* ARkitdemoUITests.xctest */,
			);
			name = Products;
			sourceTree = "<group>";
		};
		7D9901BB2009D0C3007B4724 /* ARkitdemo */ = {
			isa = PBXGroup;
			children = (
				7D9901BC2009D0C3007B4724 /* AppDelegate.swift */,
				7D9901BE2009D0C3007B4724 /* art.scnassets */,
				7D9901C02009D0C3007B4724 /* ViewController.swift */,
				7D9901C22009D0C3007B4724 /* Main.storyboard */,
				7D9901C52009D0C3007B4724 /* Assets.xcassets */,
				7D9901C72009D0C3007B4724 /* LaunchScreen.storyboard */,
				7D9901CA2009D0C3007B4724 /* Info.plist */,
			);
			path = ARkitdemo;
			sourceTree = "<group>";
		};
		7D9901D22009D0C3007B4724 /* ARkitdemoTests */ = {
			isa = PBXGroup;
			children = (
				7D9901D32009D0C3007B4724 /* ARkitdemoTests.swift */,
				7D9901D52009D0C3007B4724 /* Info.plist */,
			);
			path = ARkitdemoTests;
			sourceTree = "<group>";
		};
		7D9901DD2009D0C3007B4724 /* ARkitdemoUITests */ = {
			isa = PBXGroup;
			children = (
				7D9901DE2009D0C3007B4724 /* ARkitdemoUITests.swift */,
				7D9901E02009D0C3007B4724 /* Info.plist */,
			);
			path = ARkitdemoUITests;
			sourceTree = "<group>";
		};
/* End PBXGroup section */

/* Begin PBXNativeTarget section */
		7D9901B82009D0C3007B4724 /* ARkitdemo */ = {
			isa = PBXNativeTarget;
			buildConfigurationList = 7D9901E32009D0C3007B4724 /* Build configuration list for PBXNativeTarget "ARkitdemo" */;
			buildPhases = (
				7D9901B52009D0C3007B4724 /* Sources */,
				7D9901B62009D0C3007B4724 /* Frameworks */,
				7D9901B72009D0C3007B4724 /* Resources */,
			);
			buildRules = (
			);
			dependencies = (
			);
			name = ARkitdemo;
			productName = ARkitdemo;
			productReference = 7D9901B92009D0C3007B4724 /* ARkitdemo.app */;
			productType = "com.apple.product-type.application";
		};
		7D9901CE2009D0C3007B4724 /* ARkitdemoTests */ = {
			isa = PBXNativeTarget;
			buildConfigurationList = 7D9901E62009D0C3007B4724 /* Build configuration list for PBXNativeTarget "ARkitdemoTests" */;
			buildPhases = (
				7D9901CB2009D0C3007B4724 /* Sources */,
				7D9901CC2009D0C3007B4724 /* Frameworks */,
				7D9901CD2009D0C3007B4724 /* Resources */,
			);
			buildRules = (
			);
			dependencies = (
				7D9901D12009D0C3007B4724 /* PBXTargetDependency */,
			);
			name = ARkitdemoTests;
			productName = ARkitdemoTests;
			productReference = 7D9901CF2009D0C3007B4724 /* ARkitdemoTests.xctest */;
			productType = "com.apple.product-type.bundle.unit-test";
		};
		7D9901D92009D0C3007B4724 /* ARkitdemoUITests */ = {
			isa = PBXNativeTarget;
			buildConfigurationList = 7D9901E92009D0C3007B4724 /* Build configuration list for PBXNativeTarget "ARkitdemoUITests" */;
			buildPhases = (
				7D9901D62009D0C3007B4724 /* Sources */,
				7D9901D72009D0C3007B4724 /* Frameworks */,
				7D9901D82009D0C3007B4724 /* Resources */,
			);
			buildRules = (
			);
			dependencies = (
				7D9901DC2009D0C3007B4724 /* PBXTargetDependency */,
			);
			name = ARkitdemoUITests;
			productName = ARkitdemoUITests;
			productReference = 7D9901DA2009D0C3007B4724 /* ARkitdemoUITests.xctest */;
			productType = "com.apple.product-type.bundle.ui-testing";
		};
/* End PBXNativeTarget section */

/* Begin PBXProject section */
		7D9901B12009D0C3007B4724 /* Project object */ = {
			isa = PBXProject;
			attributes = {
				LastSwiftUpdateCheck = 0920;
				LastUpgradeCheck = 0920;
				ORGANIZATIONNAME = darshan;
				TargetAttributes = {
					7D9901B82009D0C3007B4724 = {
						CreatedOnToolsVersion = 9.2;
						ProvisioningStyle = Automatic;
					};
					7D9901CE2009D0C3007B4724 = {
						CreatedOnToolsVersion = 9.2;
						ProvisioningStyle = Automatic;
						TestTargetID = 7D9901B82009D0C3007B4724;
					};
					7D9901D92009D0C3007B4724 = {
						CreatedOnToolsVersion = 9.2;
						ProvisioningStyle = Automatic;
						TestTargetID = 7D9901B82009D0C3007B4724;
					};
				};
			};
			buildConfigurationList = 7D9901B42009D0C3007B4724 /* Build configuration list for PBXProject "ARkitdemo" */;
			compatibilityVersion = "Xcode 8.0";
			developmentRegion = en;
			hasScannedForEncodings = 0;
			knownRegions = (
				en,
				Base,
			);
			mainGroup = 7D9901B02009D0C3007B4724;
			productRefGroup = 7D9901BA2009D0C3007B4724 /* Products */;
			projectDirPath = "";
			projectRoot = "";
			targets = (
				7D9901B82009D0C3007B4724 /* ARkitdemo */,
				7D9901CE2009D0C3007B4724 /* ARkitdemoTests */,
				7D9901D92009D0C3007B4724 /* ARkitdemoUITests */,
			);
		};
/* End PBXProject section */

/* Begin PBXResourcesBuildPhase section */
		7D9901B72009D0C3007B4724 /* Resources */ = {
			isa = PBXResourcesBuildPhase;
			buildActionMask = 2147483647;
			files = (
				7D9901BF2009D0C3007B4724 /* art.scnassets in Resources */,
				7D9901C92009D0C3007B4724 /* LaunchScreen.storyboard in Resources */,
				7D9901C62009D0C3007B4724 /* Assets.xcassets in Resources */,
				7D9901C42009D0C3007B4724 /* Main.storyboard in Resources */,
			);
			runOnlyForDeploymentPostprocessing = 0;
		};
		7D9901CD2009D0C3007B4724 /* Resources */ = {
			isa = PBXResourcesBuildPhase;
			buildActionMask = 2147483647;
			files = (
			);
			runOnlyForDeploymentPostprocessing = 0;
		};
		7D9901D82009D0C3007B4724 /* Resources */ = {
			isa = PBXResourcesBuildPhase;
			buildActionMask = 2147483647;
			files = (
			);
			runOnlyForDeploymentPostprocessing = 0;
		};
/* End PBXResourcesBuildPhase section */

/* Begin PBXSourcesBuildPhase section */
		7D9901B52009D0C3007B4724 /* Sources */ = {
			isa = PBXSourcesBuildPhase;
			buildActionMask = 2147483647;
			files = (
				7D9901C12009D0C3007B4724 /* ViewController.swift in Sources */,
				7D9901BD2009D0C3007B4724 /* AppDelegate.swift in Sources */,
			);
			runOnlyForDeploymentPostprocessing = 0;
		};
		7D9901CB2009D0C3007B4724 /* Sources */ = {
			isa = PBXSourcesBuildPhase;
			buildActionMask = 2147483647;
			files = (
				7D9901D42009D0C3007B4724 /* ARkitdemoTests.swift in Sources */,
			);
			runOnlyForDeploymentPostprocessing = 0;
		};
		7D9901D62009D0C3007B4724 /* Sources */ = {
			isa = PBXSourcesBuildPhase;
			buildActionMask = 2147483647;
			files = (
				7D9901DF2009D0C3007B4724 /* ARkitdemoUITests.swift in Sources */,
			);
			runOnlyForDeploymentPostprocessing = 0;
		};
/* End PBXSourcesBuildPhase section */

/* Begin PBXTargetDependency section */
		7D9901D12009D0C3007B4724 /* PBXTargetDependency */ = {
			isa = PBXTargetDependency;
			target = 7D9901B82009D0C3007B4724 /* ARkitdemo */;
			targetProxy = 7D9901D02009D0C3007B4724 /* PBXContainerItemProxy */;
		};
		7D9901DC2009D0C3007B4724 /* PBXTargetDependency */ = {
			isa = PBXTargetDependency;
			target = 7D9901B82009D0C3007B4724 /* ARkitdemo */;
			targetProxy = 7D9901DB2009D0C3007B4724 /* PBXContainerItemProxy */;
		};
/* End PBXTargetDependency section */

/* Begin PBXVariantGroup section */
		7D9901C22009D0C3007B4724 /* Main.storyboard */ = {
			isa = PBXVariantGroup;
			children = (
				7D9901C32009D0C3007B4724 /* Base */,
			);
			name = Main.storyboard;
			sourceTree = "<group>";
		};
		7D9901C72009D0C3007B4724 /* LaunchScreen.storyboard */ = {
			isa = PBXVariantGroup;
			children = (
				7D9901C82009D0C3007B4724 /* Base */,
			);
			name = LaunchScreen.storyboard;
			sourceTree = "<group>";
		};
/* End PBXVariantGroup section */

/* Begin XCBuildConfiguration section */
		7D9901E12009D0C3007B4724 /* Debug */ = {
			isa = XCBuildConfiguration;
			buildSettings = {
				ALWAYS_SEARCH_USER_PATHS = NO;
				CLANG_ANALYZER_NONNULL = YES;
				CLANG_ANALYZER_NUMBER_OBJECT_CONVERSION = YES_AGGRESSIVE;
				CLANG_CXX_LANGUAGE_STANDARD = "gnu++14";
				CLANG_CXX_LIBRARY = "libc++";
				CLANG_ENABLE_MODULES = YES;
				CLANG_ENABLE_OBJC_ARC = YES;
				CLANG_WARN_BLOCK_CAPTURE_AUTORELEASING = YES;
				CLANG_WARN_BOOL_CONVERSION = YES;
				CLANG_WARN_COMMA = YES;
				CLANG_WARN_CONSTANT_CONVERSION = YES;
				CLANG_WARN_DIRECT_OBJC_ISA_USAGE = YES_ERROR;
				CLANG_WARN_DOCUMENTATION_COMMENTS = YES;
				CLANG_WARN_EMPTY_BODY = YES;
				CLANG_WARN_ENUM_CONVERSION = YES;
				CLANG_WARN_INFINITE_RECURSION = YES;
				CLANG_WARN_INT_CONVERSION = YES;
				CLANG_WARN_NON_LITERAL_NULL_CONVERSION = YES;
				CLANG_WARN_OBJC_LITERAL_CONVERSION = YES;
				CLANG_WARN_OBJC_ROOT_CLASS = YES_ERROR;
				CLANG_WARN_RANGE_LOOP_ANALYSIS = YES;
				CLANG_WARN_STRICT_PROTOTYPES = YES;
				CLANG_WARN_SUSPICIOUS_MOVE = YES;
				CLANG_WARN_UNGUARDED_AVAILABILITY = YES_AGGRESSIVE;
				CLANG_WARN_UNREACHABLE_CODE = YES;
				CLANG_WARN__DUPLICATE_METHOD_MATCH = YES;
				CODE_SIGN_IDENTITY = "iPhone Developer";
				COPY_PHASE_STRIP = NO;
				DEBUG_INFORMATION_FORMAT = dwarf;
				ENABLE_STRICT_OBJC_MSGSEND = YES;
				ENABLE_TESTABILITY = YES;
				GCC_C_LANGUAGE_STANDARD = gnu11;
				GCC_DYNAMIC_NO_PIC = NO;
				GCC_NO_COMMON_BLOCKS = YES;
				GCC_OPTIMIZATION_LEVEL = 0;
				GCC_PREPROCESSOR_DEFINITIONS = (
					"DEBUG=1",
					"$(inherited)",
				);
				GCC_WARN_64_TO_32_BIT_CONVERSION = YES;
				GCC_WARN_ABOUT_RETURN_TYPE = YES_ERROR;
				GCC_WARN_UNDECLARED_SELECTOR = YES;
				GCC_WARN_UNINITIALIZED_AUTOS = YES_AGGRESSIVE;
				GCC_WARN_UNUSED_FUNCTION = YES;
				GCC_WARN_UNUSED_VARIABLE = YES;
				IPHONEOS_DEPLOYMENT_TARGET = 11.2;
				MTL_ENABLE_DEBUG_INFO = YES;
				ONLY_ACTIVE_ARCH = YES;
				SDKROOT = iphoneos;
				SWIFT_ACTIVE_COMPILATION_CONDITIONS = DEBUG;
				SWIFT_OPTIMIZATION_LEVEL = "-Onone";
			};
			name = Debug;
		};
		7D9901E22009D0C3007B4724 /* Release */ = {
			isa = XCBuildConfiguration;
			buildSettings = {
				ALWAYS_SEARCH_USER_PATHS = NO;
				CLANG_ANALYZER_NONNULL = YES;
				CLANG_ANALYZER_NUMBER_OBJECT_CONVERSION = YES_AGGRESSIVE;
				CLANG_CXX_LANGUAGE_STANDARD = "gnu++14";
				CLANG_CXX_LIBRARY = "libc++";
				CLANG_ENABLE_MODULES = YES;
				CLANG_ENABLE_OBJC_ARC = YES;
				CLANG_WARN_BLOCK_CAPTURE_AUTORELEASING = YES;
				CLANG_WARN_BOOL_CONVERSION = YES;
				CLANG_WARN_COMMA = YES;
				CLANG_WARN_CONSTANT_CONVERSION = YES;
				CLANG_WARN_DIRECT_OBJC_ISA_USAGE = YES_ERROR;
				CLANG_WARN_DOCUMENTATION_COMMENTS = YES;
				CLANG_WARN_EMPTY_BODY = YES;
				CLANG_WARN_ENUM_CONVERSION = YES;
				CLANG_WARN_INFINITE_RECURSION = YES;
				CLANG_WARN_INT_CONVERSION = YES;
				CLANG_WARN_NON_LITERAL_NULL_CONVERSION = YES;
				CLANG_WARN_OBJC_LITERAL_CONVERSION = YES;
				CLANG_WARN_OBJC_ROOT_CLASS = YES_ERROR;
				CLANG_WARN_RANGE_LOOP_ANALYSIS = YES;
				CLANG_WARN_STRICT_PROTOTYPES = YES;
				CLANG_WARN_SUSPICIOUS_MOVE = YES;
				CLANG_WARN_UNGUARDED_AVAILABILITY = YES_AGGRESSIVE;
				CLANG_WARN_UNREACHABLE_CODE = YES;
				CLANG_WARN__DUPLICATE_METHOD_MATCH = YES;
				CODE_SIGN_IDENTITY = "iPhone Developer";
				COPY_PHASE_STRIP = NO;
				DEBUG_INFORMATION_FORMAT = "dwarf-with-dsym";
				ENABLE_NS_ASSERTIONS = NO;
				ENABLE_STRICT_OBJC_MSGSEND = YES;
				GCC_C_LANGUAGE_STANDARD = gnu11;
				GCC_NO_COMMON_BLOCKS = YES;
				GCC_WARN_64_TO_32_BIT_CONVERSION = YES;
				GCC_WARN_ABOUT_RETURN_TYPE = YES_ERROR;
				GCC_WARN_UNDECLARED_SELECTOR = YES;
				GCC_WARN_UNINITIALIZED_AUTOS = YES_AGGRESSIVE;
				GCC_WARN_UNUSED_FUNCTION = YES;
				GCC_WARN_UNUSED_VARIABLE = YES;
				IPHONEOS_DEPLOYMENT_TARGET = 11.2;
				MTL_ENABLE_DEBUG_INFO = NO;
				SDKROOT = iphoneos;
				SWIFT_OPTIMIZATION_LEVEL = "-Owholemodule";
				VALIDATE_PRODUCT = YES;
			};
			name = Release;
		};
		7D9901E42009D0C3007B4724 /* Debug */ = {
			isa = XCBuildConfiguration;
			buildSettings = {
				ASSETCATALOG_COMPILER_APPICON_NAME = AppIcon;
				CODE_SIGN_STYLE = Automatic;
				INFOPLIST_FILE = ARkitdemo/Info.plist;
				LD_RUNPATH_SEARCH_PATHS = "$(inherited) @executable_path/Frameworks";
				PRODUCT_BUNDLE_IDENTIFIER = com.Obj.ARkitdemo;
				PRODUCT_NAME = "$(TARGET_NAME)";
				SWIFT_VERSION = 4.0;
				TARGETED_DEVICE_FAMILY = "1,2";
			};
			name = Debug;
		};
		7D9901E52009D0C3007B4724 /* Release */ = {
			isa = XCBuildConfiguration;
			buildSettings = {
				ASSETCATALOG_COMPILER_APPICON_NAME = AppIcon;
				CODE_SIGN_STYLE = Automatic;
				INFOPLIST_FILE = ARkitdemo/Info.plist;
				LD_RUNPATH_SEARCH_PATHS = "$(inherited) @executable_path/Frameworks";
				PRODUCT_BUNDLE_IDENTIFIER = com.Obj.ARkitdemo;
				PRODUCT_NAME = "$(TARGET_NAME)";
				SWIFT_VERSION = 4.0;
				TARGETED_DEVICE_FAMILY = "1,2";
			};
			name = Release;
		};
		7D9901E72009D0C3007B4724 /* Debug */ = {
			isa = XCBuildConfiguration;
			buildSettings = {
				ALWAYS_EMBED_SWIFT_STANDARD_LIBRARIES = YES;
				BUNDLE_LOADER = "$(TEST_HOST)";
				CODE_SIGN_STYLE = Automatic;
				INFOPLIST_FILE = ARkitdemoTests/Info.plist;
				LD_RUNPATH_SEARCH_PATHS = "$(inherited) @executable_path/Frameworks @loader_path/Frameworks";
				PRODUCT_BUNDLE_IDENTIFIER = com.Obj.ARkitdemoTests;
				PRODUCT_NAME = "$(TARGET_NAME)";
				SWIFT_VERSION = 4.0;
				TARGETED_DEVICE_FAMILY = "1,2";
				TEST_HOST = "$(BUILT_PRODUCTS_DIR)/ARkitdemo.app/ARkitdemo";
			};
			name = Debug;
		};
		7D9901E82009D0C3007B4724 /* Release */ = {
			isa = XCBuildConfiguration;
			buildSettings = {
				ALWAYS_EMBED_SWIFT_STANDARD_LIBRARIES = YES;
				BUNDLE_LOADER = "$(TEST_HOST)";
				CODE_SIGN_STYLE = Automatic;
				INFOPLIST_FILE = ARkitdemoTests/Info.plist;
				LD_RUNPATH_SEARCH_PATHS = "$(inherited) @executable_path/Frameworks @loader_path/Frameworks";
				PRODUCT_BUNDLE_IDENTIFIER = com.Obj.ARkitdemoTests;
				PRODUCT_NAME = "$(TARGET_NAME)";
				SWIFT_VERSION = 4.0;
				TARGETED_DEVICE_FAMILY = "1,2";
				TEST_HOST = "$(BUILT_PRODUCTS_DIR)/ARkitdemo.app/ARkitdemo";
			};
			name = Release;
		};
		7D9901EA2009D0C3007B4724 /* Debug */ = {
			isa = XCBuildConfiguration;
			buildSettings = {
				ALWAYS_EMBED_SWIFT_STANDARD_LIBRARIES = YES;
				CODE_SIGN_STYLE = Automatic;
				INFOPLIST_FILE = ARkitdemoUITests/Info.plist;
				LD_RUNPATH_SEARCH_PATHS = "$(inherited) @executable_path/Frameworks @loader_path/Frameworks";
				PRODUCT_BUNDLE_IDENTIFIER = com.Obj.ARkitdemoUITests;
				PRODUCT_NAME = "$(TARGET_NAME)";
				SWIFT_VERSION = 4.0;
				TARGETED_DEVICE_FAMILY = "1,2";
				TEST_TARGET_NAME = ARkitdemo;
			};
			name = Debug;
		};
		7D9901EB2009D0C3007B4724 /* Release */ = {
			isa = XCBuildConfiguration;
			buildSettings = {
				ALWAYS_EMBED_SWIFT_STANDARD_LIBRARIES = YES;
				CODE_SIGN_STYLE = Automatic;
				INFOPLIST_FILE = ARkitdemoUITests/Info.plist;
				LD_RUNPATH_SEARCH_PATHS = "$(inherited) @executable_path/Frameworks @loader_path/Frameworks";
				PRODUCT_BUNDLE_IDENTIFIER = com.Obj.ARkitdemoUITests;
				PRODUCT_NAME = "$(TARGET_NAME)";
				SWIFT_VERSION = 4.0;
				TARGETED_DEVICE_FAMILY = "1,2";
				TEST_TARGET_NAME = ARkitdemo;
			};
			name = Release;
		};
/* End XCBuildConfiguration section */

/* Begin XCConfigurationList section */
		7D9901B42009D0C3007B4724 /* Build configuration list for PBXProject "ARkitdemo" */ = {
			isa = XCConfigurationList;
			buildConfigurations = (
				7D9901E12009D0C3007B4724 /* Debug */,
				7D9901E22009D0C3007B4724 /* Release */,
			);
			defaultConfigurationIsVisible = 0;
			defaultConfigurationName = Release;
		};
		7D9901E32009D0C3007B4724 /* Build configuration list for PBXNativeTarget "ARkitdemo" */ = {
			isa = XCConfigurationList;
			buildConfigurations = (
				7D9901E42009D0C3007B4724 /* Debug */,
				7D9901E52009D0C3007B4724 /* Release */,
			);
			defaultConfigurationIsVisible = 0;
			defaultConfigurationName = Release;
		};
		7D9901E62009D0C3007B4724 /* Build configuration list for PBXNativeTarget "ARkitdemoTests" */ = {
			isa = XCConfigurationList;
			buildConfigurations = (
				7D9901E72009D0C3007B4724 /* Debug */,
				7D9901E82009D0C3007B4724 /* Release */,
			);
			defaultConfigurationIsVisible = 0;
			defaultConfigurationName = Release;
		};
		7D9901E92009D0C3007B4724 /* Build configuration list for PBXNativeTarget "ARkitdemoUITests" */ = {
			isa = XCConfigurationList;
			buildConfigurations = (
				7D9901EA2009D0C3007B4724 /* Debug */,
				7D9901EB2009D0C3007B4724 /* Release */,
			);
			defaultConfigurationIsVisible = 0;
			defaultConfigurationName = Release;
		};
/* End XCConfigurationList section */
	};
	rootObject = 7D9901B12009D0C3007B4724 /* Project object */;
}
